// !$*UTF8*$!
{
	archiveVersion = 1;
	classes = {
	};
	objectVersion = 55;
	objects = {

/* Begin PBXBuildFile section */
		432F1AD228228C410015F2B5 /* AddItemViewController.swift in Sources */ = {isa = PBXBuildFile; fileRef = 432F1AD128228C410015F2B5 /* AddItemViewController.swift */; };
		432F1AD42822BBC40015F2B5 /* AddItem.storyboard in Resources */ = {isa = PBXBuildFile; fileRef = 432F1AD32822BBC30015F2B5 /* AddItem.storyboard */; };
		436FCF0D281FE01000AF09BC /* CoreDataStack.swift in Sources */ = {isa = PBXBuildFile; fileRef = 436FCF0C281FE01000AF09BC /* CoreDataStack.swift */; };
		436FCF10281FE17500AF09BC /* SQLiteRepository.swift in Sources */ = {isa = PBXBuildFile; fileRef = 436FCF0F281FE17500AF09BC /* SQLiteRepository.swift */; };
		436FCF16281FF28800AF09BC /* MoneySaverService.swift in Sources */ = {isa = PBXBuildFile; fileRef = 436FCF15281FF28800AF09BC /* MoneySaverService.swift */; };
		436FCF19281FF69800AF09BC /* Observable.swift in Sources */ = {isa = PBXBuildFile; fileRef = 436FCF18281FF69800AF09BC /* Observable.swift */; };
		436FCF1B281FF94700AF09BC /* MoneySaverViewModel.swift in Sources */ = {isa = PBXBuildFile; fileRef = 436FCF1A281FF94700AF09BC /* MoneySaverViewModel.swift */; };
		4385689F28223FCB0086A4AE /* ConsumptionCell.swift in Sources */ = {isa = PBXBuildFile; fileRef = 4385689E28223FCB0086A4AE /* ConsumptionCell.swift */; };
		43A7A1B62826EE7F001E90C0 /* NumberFormattable.swift in Sources */ = {isa = PBXBuildFile; fileRef = 43A7A1B52826EE7F001E90C0 /* NumberFormattable.swift */; };
		43A7A1BB2826F342001E90C0 /* Challenge+CoreDataClass.swift in Sources */ = {isa = PBXBuildFile; fileRef = 43A7A1B72826F342001E90C0 /* Challenge+CoreDataClass.swift */; };
		43A7A1BC2826F342001E90C0 /* Challenge+CoreDataProperties.swift in Sources */ = {isa = PBXBuildFile; fileRef = 43A7A1B82826F342001E90C0 /* Challenge+CoreDataProperties.swift */; };
		43A7A1BD2826F342001E90C0 /* Consumption+CoreDataClass.swift in Sources */ = {isa = PBXBuildFile; fileRef = 43A7A1B92826F342001E90C0 /* Consumption+CoreDataClass.swift */; };
		43A7A1BE2826F342001E90C0 /* Consumption+CoreDataProperties.swift in Sources */ = {isa = PBXBuildFile; fileRef = 43A7A1BA2826F342001E90C0 /* Consumption+CoreDataProperties.swift */; };
		43A7A1C02826F465001E90C0 /* DateFormattable.swift in Sources */ = {isa = PBXBuildFile; fileRef = 43A7A1BF2826F465001E90C0 /* DateFormattable.swift */; };
		43D9BAC8281FD46200FA1476 /* AppDelegate.swift in Sources */ = {isa = PBXBuildFile; fileRef = 43D9BAC7281FD46200FA1476 /* AppDelegate.swift */; };
		43D9BACA281FD46200FA1476 /* SceneDelegate.swift in Sources */ = {isa = PBXBuildFile; fileRef = 43D9BAC9281FD46200FA1476 /* SceneDelegate.swift */; };
		43D9BACC281FD46200FA1476 /* ListViewController.swift in Sources */ = {isa = PBXBuildFile; fileRef = 43D9BACB281FD46200FA1476 /* ListViewController.swift */; };
		43D9BACF281FD46200FA1476 /* Main.storyboard in Resources */ = {isa = PBXBuildFile; fileRef = 43D9BACD281FD46200FA1476 /* Main.storyboard */; };
		43D9BAD2281FD46200FA1476 /* MoneySaver.xcdatamodeld in Sources */ = {isa = PBXBuildFile; fileRef = 43D9BAD0281FD46200FA1476 /* MoneySaver.xcdatamodeld */; };
		43D9BAD4281FD46400FA1476 /* Assets.xcassets in Resources */ = {isa = PBXBuildFile; fileRef = 43D9BAD3281FD46400FA1476 /* Assets.xcassets */; };
		43D9BAD7281FD46400FA1476 /* LaunchScreen.storyboard in Resources */ = {isa = PBXBuildFile; fileRef = 43D9BAD5281FD46400FA1476 /* LaunchScreen.storyboard */; };
		43D9BAE2281FD46400FA1476 /* MoneySaverTests.swift in Sources */ = {isa = PBXBuildFile; fileRef = 43D9BAE1281FD46400FA1476 /* MoneySaverTests.swift */; };
		43D9BAEC281FD46400FA1476 /* MoneySaverUITests.swift in Sources */ = {isa = PBXBuildFile; fileRef = 43D9BAEB281FD46400FA1476 /* MoneySaverUITests.swift */; };
		43D9BAEE281FD46400FA1476 /* MoneySaverUITestsLaunchTests.swift in Sources */ = {isa = PBXBuildFile; fileRef = 43D9BAED281FD46400FA1476 /* MoneySaverUITestsLaunchTests.swift */; };
		43D9BAFC281FD54200FA1476 /* Charts in Frameworks */ = {isa = PBXBuildFile; productRef = 43D9BAFB281FD54200FA1476 /* Charts */; };
/* End PBXBuildFile section */

/* Begin PBXContainerItemProxy section */
		43D9BADE281FD46400FA1476 /* PBXContainerItemProxy */ = {
			isa = PBXContainerItemProxy;
			containerPortal = 43D9BABC281FD46200FA1476 /* Project object */;
			proxyType = 1;
			remoteGlobalIDString = 43D9BAC3281FD46200FA1476;
			remoteInfo = MoneySaver;
		};
		43D9BAE8281FD46400FA1476 /* PBXContainerItemProxy */ = {
			isa = PBXContainerItemProxy;
			containerPortal = 43D9BABC281FD46200FA1476 /* Project object */;
			proxyType = 1;
			remoteGlobalIDString = 43D9BAC3281FD46200FA1476;
			remoteInfo = MoneySaver;
		};
/* End PBXContainerItemProxy section */

/* Begin PBXFileReference section */
		432F1AD128228C410015F2B5 /* AddItemViewController.swift */ = {isa = PBXFileReference; lastKnownFileType = sourcecode.swift; path = AddItemViewController.swift; sourceTree = "<group>"; };
		432F1AD32822BBC30015F2B5 /* AddItem.storyboard */ = {isa = PBXFileReference; lastKnownFileType = file.storyboard; path = AddItem.storyboard; sourceTree = "<group>"; };
		436FCF0C281FE01000AF09BC /* CoreDataStack.swift */ = {isa = PBXFileReference; lastKnownFileType = sourcecode.swift; path = CoreDataStack.swift; sourceTree = "<group>"; };
		436FCF0F281FE17500AF09BC /* SQLiteRepository.swift */ = {isa = PBXFileReference; lastKnownFileType = sourcecode.swift; path = SQLiteRepository.swift; sourceTree = "<group>"; };
		436FCF15281FF28800AF09BC /* MoneySaverService.swift */ = {isa = PBXFileReference; lastKnownFileType = sourcecode.swift; path = MoneySaverService.swift; sourceTree = "<group>"; };
		436FCF18281FF69800AF09BC /* Observable.swift */ = {isa = PBXFileReference; lastKnownFileType = sourcecode.swift; path = Observable.swift; sourceTree = "<group>"; };
		436FCF1A281FF94700AF09BC /* MoneySaverViewModel.swift */ = {isa = PBXFileReference; lastKnownFileType = sourcecode.swift; path = MoneySaverViewModel.swift; sourceTree = "<group>"; };
		4385689E28223FCB0086A4AE /* ConsumptionCell.swift */ = {isa = PBXFileReference; lastKnownFileType = sourcecode.swift; path = ConsumptionCell.swift; sourceTree = "<group>"; };
		43A7A1B52826EE7F001E90C0 /* NumberFormattable.swift */ = {isa = PBXFileReference; lastKnownFileType = sourcecode.swift; path = NumberFormattable.swift; sourceTree = "<group>"; };
		43A7A1B72826F342001E90C0 /* Challenge+CoreDataClass.swift */ = {isa = PBXFileReference; lastKnownFileType = sourcecode.swift; path = "Challenge+CoreDataClass.swift"; sourceTree = "<group>"; };
		43A7A1B82826F342001E90C0 /* Challenge+CoreDataProperties.swift */ = {isa = PBXFileReference; lastKnownFileType = sourcecode.swift; path = "Challenge+CoreDataProperties.swift"; sourceTree = "<group>"; };
		43A7A1B92826F342001E90C0 /* Consumption+CoreDataClass.swift */ = {isa = PBXFileReference; lastKnownFileType = sourcecode.swift; path = "Consumption+CoreDataClass.swift"; sourceTree = "<group>"; };
		43A7A1BA2826F342001E90C0 /* Consumption+CoreDataProperties.swift */ = {isa = PBXFileReference; lastKnownFileType = sourcecode.swift; path = "Consumption+CoreDataProperties.swift"; sourceTree = "<group>"; };
		43A7A1BF2826F465001E90C0 /* DateFormattable.swift */ = {isa = PBXFileReference; lastKnownFileType = sourcecode.swift; path = DateFormattable.swift; sourceTree = "<group>"; };
		43D9BAC4281FD46200FA1476 /* MoneySaver.app */ = {isa = PBXFileReference; explicitFileType = wrapper.application; includeInIndex = 0; path = MoneySaver.app; sourceTree = BUILT_PRODUCTS_DIR; };
		43D9BAC7281FD46200FA1476 /* AppDelegate.swift */ = {isa = PBXFileReference; lastKnownFileType = sourcecode.swift; path = AppDelegate.swift; sourceTree = "<group>"; };
		43D9BAC9281FD46200FA1476 /* SceneDelegate.swift */ = {isa = PBXFileReference; lastKnownFileType = sourcecode.swift; path = SceneDelegate.swift; sourceTree = "<group>"; };
		43D9BACB281FD46200FA1476 /* ListViewController.swift */ = {isa = PBXFileReference; lastKnownFileType = sourcecode.swift; path = ListViewController.swift; sourceTree = "<group>"; };
		43D9BACE281FD46200FA1476 /* Base */ = {isa = PBXFileReference; lastKnownFileType = file.storyboard; name = Base; path = Base.lproj/Main.storyboard; sourceTree = "<group>"; };
		43D9BAD1281FD46200FA1476 /* MoneySaver.xcdatamodel */ = {isa = PBXFileReference; lastKnownFileType = wrapper.xcdatamodel; path = MoneySaver.xcdatamodel; sourceTree = "<group>"; };
		43D9BAD3281FD46400FA1476 /* Assets.xcassets */ = {isa = PBXFileReference; lastKnownFileType = folder.assetcatalog; path = Assets.xcassets; sourceTree = "<group>"; };
		43D9BAD6281FD46400FA1476 /* Base */ = {isa = PBXFileReference; lastKnownFileType = file.storyboard; name = Base; path = Base.lproj/LaunchScreen.storyboard; sourceTree = "<group>"; };
		43D9BAD8281FD46400FA1476 /* Info.plist */ = {isa = PBXFileReference; lastKnownFileType = text.plist.xml; path = Info.plist; sourceTree = "<group>"; };
		43D9BADD281FD46400FA1476 /* MoneySaverTests.xctest */ = {isa = PBXFileReference; explicitFileType = wrapper.cfbundle; includeInIndex = 0; path = MoneySaverTests.xctest; sourceTree = BUILT_PRODUCTS_DIR; };
		43D9BAE1281FD46400FA1476 /* MoneySaverTests.swift */ = {isa = PBXFileReference; lastKnownFileType = sourcecode.swift; path = MoneySaverTests.swift; sourceTree = "<group>"; };
		43D9BAE7281FD46400FA1476 /* MoneySaverUITests.xctest */ = {isa = PBXFileReference; explicitFileType = wrapper.cfbundle; includeInIndex = 0; path = MoneySaverUITests.xctest; sourceTree = BUILT_PRODUCTS_DIR; };
		43D9BAEB281FD46400FA1476 /* MoneySaverUITests.swift */ = {isa = PBXFileReference; lastKnownFileType = sourcecode.swift; path = MoneySaverUITests.swift; sourceTree = "<group>"; };
		43D9BAED281FD46400FA1476 /* MoneySaverUITestsLaunchTests.swift */ = {isa = PBXFileReference; lastKnownFileType = sourcecode.swift; path = MoneySaverUITestsLaunchTests.swift; sourceTree = "<group>"; };
/* End PBXFileReference section */

/* Begin PBXFrameworksBuildPhase section */
		43D9BAC1281FD46200FA1476 /* Frameworks */ = {
			isa = PBXFrameworksBuildPhase;
			buildActionMask = 2147483647;
			files = (
				43D9BAFC281FD54200FA1476 /* Charts in Frameworks */,
			);
			runOnlyForDeploymentPostprocessing = 0;
		};
		43D9BADA281FD46400FA1476 /* Frameworks */ = {
			isa = PBXFrameworksBuildPhase;
			buildActionMask = 2147483647;
			files = (
			);
			runOnlyForDeploymentPostprocessing = 0;
		};
		43D9BAE4281FD46400FA1476 /* Frameworks */ = {
			isa = PBXFrameworksBuildPhase;
			buildActionMask = 2147483647;
			files = (
			);
			runOnlyForDeploymentPostprocessing = 0;
		};
/* End PBXFrameworksBuildPhase section */

/* Begin PBXGroup section */
		436FCF0E281FE16000AF09BC /* Repository */ = {
			isa = PBXGroup;
			children = (
				436FCF0F281FE17500AF09BC /* SQLiteRepository.swift */,
			);
			path = Repository;
			sourceTree = "<group>";
		};
		436FCF14281FF26600AF09BC /* Service */ = {
			isa = PBXGroup;
			children = (
				436FCF15281FF28800AF09BC /* MoneySaverService.swift */,
			);
			path = Service;
			sourceTree = "<group>";
		};
		436FCF17281FF68700AF09BC /* ViewModel */ = {
			isa = PBXGroup;
			children = (
				436FCF18281FF69800AF09BC /* Observable.swift */,
				436FCF1A281FF94700AF09BC /* MoneySaverViewModel.swift */,
			);
			path = ViewModel;
			sourceTree = "<group>";
		};
		43A7A1B42826EE5F001E90C0 /* Protocol */ = {
			isa = PBXGroup;
			children = (
				43A7A1B52826EE7F001E90C0 /* NumberFormattable.swift */,
				43A7A1BF2826F465001E90C0 /* DateFormattable.swift */,
			);
			path = Protocol;
			sourceTree = "<group>";
		};
		43D9BABB281FD46200FA1476 = {
			isa = PBXGroup;
			children = (
				43D9BAC6281FD46200FA1476 /* MoneySaver */,
				43D9BAE0281FD46400FA1476 /* MoneySaverTests */,
				43D9BAEA281FD46400FA1476 /* MoneySaverUITests */,
				43D9BAC5281FD46200FA1476 /* Products */,
			);
			sourceTree = "<group>";
		};
		43D9BAC5281FD46200FA1476 /* Products */ = {
			isa = PBXGroup;
			children = (
				43D9BAC4281FD46200FA1476 /* MoneySaver.app */,
				43D9BADD281FD46400FA1476 /* MoneySaverTests.xctest */,
				43D9BAE7281FD46400FA1476 /* MoneySaverUITests.xctest */,
			);
			name = Products;
			sourceTree = "<group>";
		};
		43D9BAC6281FD46200FA1476 /* MoneySaver */ = {
			isa = PBXGroup;
			children = (
				43D9BAFD281FD9FC00FA1476 /* App */,
				43A7A1B42826EE5F001E90C0 /* Protocol */,
				43D9BAFE281FDA0600FA1476 /* View */,
				436FCF17281FF68700AF09BC /* ViewModel */,
				436FCF14281FF26600AF09BC /* Service */,
				436FCF0E281FE16000AF09BC /* Repository */,
				43D9BAFF281FDA3E00FA1476 /* CoreData */,
				43D9BACD281FD46200FA1476 /* Main.storyboard */,
				432F1AD32822BBC30015F2B5 /* AddItem.storyboard */,
				43D9BAD5281FD46400FA1476 /* LaunchScreen.storyboard */,
				43D9BAD3281FD46400FA1476 /* Assets.xcassets */,
				43D9BAD8281FD46400FA1476 /* Info.plist */,
			);
			path = MoneySaver;
			sourceTree = "<group>";
		};
		43D9BAE0281FD46400FA1476 /* MoneySaverTests */ = {
			isa = PBXGroup;
			children = (
				43D9BAE1281FD46400FA1476 /* MoneySaverTests.swift */,
			);
			path = MoneySaverTests;
			sourceTree = "<group>";
		};
		43D9BAEA281FD46400FA1476 /* MoneySaverUITests */ = {
			isa = PBXGroup;
			children = (
				43D9BAEB281FD46400FA1476 /* MoneySaverUITests.swift */,
				43D9BAED281FD46400FA1476 /* MoneySaverUITestsLaunchTests.swift */,
			);
			path = MoneySaverUITests;
			sourceTree = "<group>";
		};
		43D9BAFD281FD9FC00FA1476 /* App */ = {
			isa = PBXGroup;
			children = (
				43D9BAC7281FD46200FA1476 /* AppDelegate.swift */,
				43D9BAC9281FD46200FA1476 /* SceneDelegate.swift */,
			);
			path = App;
			sourceTree = "<group>";
		};
		43D9BAFE281FDA0600FA1476 /* View */ = {
			isa = PBXGroup;
			children = (
				43D9BACB281FD46200FA1476 /* ListViewController.swift */,
				4385689E28223FCB0086A4AE /* ConsumptionCell.swift */,
				432F1AD128228C410015F2B5 /* AddItemViewController.swift */,
			);
			path = View;
			sourceTree = "<group>";
		};
		43D9BAFF281FDA3E00FA1476 /* CoreData */ = {
			isa = PBXGroup;
			children = (
				436FCF0C281FE01000AF09BC /* CoreDataStack.swift */,
				43A7A1B72826F342001E90C0 /* Challenge+CoreDataClass.swift */,
				43A7A1B82826F342001E90C0 /* Challenge+CoreDataProperties.swift */,
				43A7A1B92826F342001E90C0 /* Consumption+CoreDataClass.swift */,
				43A7A1BA2826F342001E90C0 /* Consumption+CoreDataProperties.swift */,
				43D9BAD0281FD46200FA1476 /* MoneySaver.xcdatamodeld */,
			);
			path = CoreData;
			sourceTree = "<group>";
		};
/* End PBXGroup section */

/* Begin PBXNativeTarget section */
		43D9BAC3281FD46200FA1476 /* MoneySaver */ = {
			isa = PBXNativeTarget;
			buildConfigurationList = 43D9BAF1281FD46400FA1476 /* Build configuration list for PBXNativeTarget "MoneySaver" */;
			buildPhases = (
				43D9BAC0281FD46200FA1476 /* Sources */,
				43D9BAC1281FD46200FA1476 /* Frameworks */,
				43D9BAC2281FD46200FA1476 /* Resources */,
			);
			buildRules = (
			);
			dependencies = (
			);
			name = MoneySaver;
			packageProductDependencies = (
				43D9BAFB281FD54200FA1476 /* Charts */,
			);
			productName = MoneySaver;
			productReference = 43D9BAC4281FD46200FA1476 /* MoneySaver.app */;
			productType = "com.apple.product-type.application";
		};
		43D9BADC281FD46400FA1476 /* MoneySaverTests */ = {
			isa = PBXNativeTarget;
			buildConfigurationList = 43D9BAF4281FD46400FA1476 /* Build configuration list for PBXNativeTarget "MoneySaverTests" */;
			buildPhases = (
				43D9BAD9281FD46400FA1476 /* Sources */,
				43D9BADA281FD46400FA1476 /* Frameworks */,
				43D9BADB281FD46400FA1476 /* Resources */,
			);
			buildRules = (
			);
			dependencies = (
				43D9BADF281FD46400FA1476 /* PBXTargetDependency */,
			);
			name = MoneySaverTests;
			productName = MoneySaverTests;
			productReference = 43D9BADD281FD46400FA1476 /* MoneySaverTests.xctest */;
			productType = "com.apple.product-type.bundle.unit-test";
		};
		43D9BAE6281FD46400FA1476 /* MoneySaverUITests */ = {
			isa = PBXNativeTarget;
			buildConfigurationList = 43D9BAF7281FD46400FA1476 /* Build configuration list for PBXNativeTarget "MoneySaverUITests" */;
			buildPhases = (
				43D9BAE3281FD46400FA1476 /* Sources */,
				43D9BAE4281FD46400FA1476 /* Frameworks */,
				43D9BAE5281FD46400FA1476 /* Resources */,
			);
			buildRules = (
			);
			dependencies = (
				43D9BAE9281FD46400FA1476 /* PBXTargetDependency */,
			);
			name = MoneySaverUITests;
			productName = MoneySaverUITests;
			productReference = 43D9BAE7281FD46400FA1476 /* MoneySaverUITests.xctest */;
			productType = "com.apple.product-type.bundle.ui-testing";
		};
/* End PBXNativeTarget section */

/* Begin PBXProject section */
		43D9BABC281FD46200FA1476 /* Project object */ = {
			isa = PBXProject;
			attributes = {
				BuildIndependentTargetsInParallel = 1;
				LastSwiftUpdateCheck = 1330;
				LastUpgradeCheck = 1330;
				TargetAttributes = {
					43D9BAC3281FD46200FA1476 = {
						CreatedOnToolsVersion = 13.3.1;
					};
					43D9BADC281FD46400FA1476 = {
						CreatedOnToolsVersion = 13.3.1;
						TestTargetID = 43D9BAC3281FD46200FA1476;
					};
					43D9BAE6281FD46400FA1476 = {
						CreatedOnToolsVersion = 13.3.1;
						TestTargetID = 43D9BAC3281FD46200FA1476;
					};
				};
			};
			buildConfigurationList = 43D9BABF281FD46200FA1476 /* Build configuration list for PBXProject "MoneySaver" */;
			compatibilityVersion = "Xcode 13.0";
			developmentRegion = en;
			hasScannedForEncodings = 0;
			knownRegions = (
				en,
				Base,
			);
			mainGroup = 43D9BABB281FD46200FA1476;
			packageReferences = (
				43D9BAFA281FD54200FA1476 /* XCRemoteSwiftPackageReference "Charts" */,
			);
			productRefGroup = 43D9BAC5281FD46200FA1476 /* Products */;
			projectDirPath = "";
			projectRoot = "";
			targets = (
				43D9BAC3281FD46200FA1476 /* MoneySaver */,
				43D9BADC281FD46400FA1476 /* MoneySaverTests */,
				43D9BAE6281FD46400FA1476 /* MoneySaverUITests */,
			);
		};
/* End PBXProject section */

/* Begin PBXResourcesBuildPhase section */
		43D9BAC2281FD46200FA1476 /* Resources */ = {
			isa = PBXResourcesBuildPhase;
			buildActionMask = 2147483647;
			files = (
				43D9BAD7281FD46400FA1476 /* LaunchScreen.storyboard in Resources */,
				432F1AD42822BBC40015F2B5 /* AddItem.storyboard in Resources */,
				43D9BAD4281FD46400FA1476 /* Assets.xcassets in Resources */,
				43D9BACF281FD46200FA1476 /* Main.storyboard in Resources */,
			);
			runOnlyForDeploymentPostprocessing = 0;
		};
		43D9BADB281FD46400FA1476 /* Resources */ = {
			isa = PBXResourcesBuildPhase;
			buildActionMask = 2147483647;
			files = (
			);
			runOnlyForDeploymentPostprocessing = 0;
		};
		43D9BAE5281FD46400FA1476 /* Resources */ = {
			isa = PBXResourcesBuildPhase;
			buildActionMask = 2147483647;
			files = (
			);
			runOnlyForDeploymentPostprocessing = 0;
		};
/* End PBXResourcesBuildPhase section */

/* Begin PBXSourcesBuildPhase section */
		43D9BAC0281FD46200FA1476 /* Sources */ = {
			isa = PBXSourcesBuildPhase;
			buildActionMask = 2147483647;
			files = (
				43A7A1BD2826F342001E90C0 /* Consumption+CoreDataClass.swift in Sources */,
				436FCF19281FF69800AF09BC /* Observable.swift in Sources */,
				4385689F28223FCB0086A4AE /* ConsumptionCell.swift in Sources */,
				43A7A1BB2826F342001E90C0 /* Challenge+CoreDataClass.swift in Sources */,
				436FCF1B281FF94700AF09BC /* MoneySaverViewModel.swift in Sources */,
				43D9BAD2281FD46200FA1476 /* MoneySaver.xcdatamodeld in Sources */,
				43D9BACC281FD46200FA1476 /* ListViewController.swift in Sources */,
				436FCF0D281FE01000AF09BC /* CoreDataStack.swift in Sources */,
				436FCF10281FE17500AF09BC /* SQLiteRepository.swift in Sources */,
				43A7A1BE2826F342001E90C0 /* Consumption+CoreDataProperties.swift in Sources */,
				436FCF16281FF28800AF09BC /* MoneySaverService.swift in Sources */,
				43D9BAC8281FD46200FA1476 /* AppDelegate.swift in Sources */,
				43A7A1B62826EE7F001E90C0 /* NumberFormattable.swift in Sources */,
				43A7A1C02826F465001E90C0 /* DateFormattable.swift in Sources */,
				43D9BACA281FD46200FA1476 /* SceneDelegate.swift in Sources */,
				432F1AD228228C410015F2B5 /* AddItemViewController.swift in Sources */,
				43A7A1BC2826F342001E90C0 /* Challenge+CoreDataProperties.swift in Sources */,
			);
			runOnlyForDeploymentPostprocessing = 0;
		};
		43D9BAD9281FD46400FA1476 /* Sources */ = {
			isa = PBXSourcesBuildPhase;
			buildActionMask = 2147483647;
			files = (
				43D9BAE2281FD46400FA1476 /* MoneySaverTests.swift in Sources */,
			);
			runOnlyForDeploymentPostprocessing = 0;
		};
		43D9BAE3281FD46400FA1476 /* Sources */ = {
			isa = PBXSourcesBuildPhase;
			buildActionMask = 2147483647;
			files = (
				43D9BAEC281FD46400FA1476 /* MoneySaverUITests.swift in Sources */,
				43D9BAEE281FD46400FA1476 /* MoneySaverUITestsLaunchTests.swift in Sources */,
			);
			runOnlyForDeploymentPostprocessing = 0;
		};
/* End PBXSourcesBuildPhase section */

/* Begin PBXTargetDependency section */
		43D9BADF281FD46400FA1476 /* PBXTargetDependency */ = {
			isa = PBXTargetDependency;
			target = 43D9BAC3281FD46200FA1476 /* MoneySaver */;
			targetProxy = 43D9BADE281FD46400FA1476 /* PBXContainerItemProxy */;
		};
		43D9BAE9281FD46400FA1476 /* PBXTargetDependency */ = {
			isa = PBXTargetDependency;
			target = 43D9BAC3281FD46200FA1476 /* MoneySaver */;
			targetProxy = 43D9BAE8281FD46400FA1476 /* PBXContainerItemProxy */;
		};
/* End PBXTargetDependency section */

/* Begin PBXVariantGroup section */
		43D9BACD281FD46200FA1476 /* Main.storyboard */ = {
			isa = PBXVariantGroup;
			children = (
				43D9BACE281FD46200FA1476 /* Base */,
			);
			name = Main.storyboard;
			sourceTree = "<group>";
		};
		43D9BAD5281FD46400FA1476 /* LaunchScreen.storyboard */ = {
			isa = PBXVariantGroup;
			children = (
				43D9BAD6281FD46400FA1476 /* Base */,
			);
			name = LaunchScreen.storyboard;
			sourceTree = "<group>";
		};
/* End PBXVariantGroup section */

/* Begin XCBuildConfiguration section */
		43D9BAEF281FD46400FA1476 /* Debug */ = {
			isa = XCBuildConfiguration;
			buildSettings = {
				ALWAYS_SEARCH_USER_PATHS = NO;
				CLANG_ANALYZER_NONNULL = YES;
				CLANG_ANALYZER_NUMBER_OBJECT_CONVERSION = YES_AGGRESSIVE;
				CLANG_CXX_LANGUAGE_STANDARD = "gnu++17";
				CLANG_ENABLE_MODULES = YES;
				CLANG_ENABLE_OBJC_ARC = YES;
				CLANG_ENABLE_OBJC_WEAK = YES;
				CLANG_WARN_BLOCK_CAPTURE_AUTORELEASING = YES;
				CLANG_WARN_BOOL_CONVERSION = YES;
				CLANG_WARN_COMMA = YES;
				CLANG_WARN_CONSTANT_CONVERSION = YES;
				CLANG_WARN_DEPRECATED_OBJC_IMPLEMENTATIONS = YES;
				CLANG_WARN_DIRECT_OBJC_ISA_USAGE = YES_ERROR;
				CLANG_WARN_DOCUMENTATION_COMMENTS = YES;
				CLANG_WARN_EMPTY_BODY = YES;
				CLANG_WARN_ENUM_CONVERSION = YES;
				CLANG_WARN_INFINITE_RECURSION = YES;
				CLANG_WARN_INT_CONVERSION = YES;
				CLANG_WARN_NON_LITERAL_NULL_CONVERSION = YES;
				CLANG_WARN_OBJC_IMPLICIT_RETAIN_SELF = YES;
				CLANG_WARN_OBJC_LITERAL_CONVERSION = YES;
				CLANG_WARN_OBJC_ROOT_CLASS = YES_ERROR;
				CLANG_WARN_QUOTED_INCLUDE_IN_FRAMEWORK_HEADER = YES;
				CLANG_WARN_RANGE_LOOP_ANALYSIS = YES;
				CLANG_WARN_STRICT_PROTOTYPES = YES;
				CLANG_WARN_SUSPICIOUS_MOVE = YES;
				CLANG_WARN_UNGUARDED_AVAILABILITY = YES_AGGRESSIVE;
				CLANG_WARN_UNREACHABLE_CODE = YES;
				CLANG_WARN__DUPLICATE_METHOD_MATCH = YES;
				COPY_PHASE_STRIP = NO;
				DEBUG_INFORMATION_FORMAT = dwarf;
				ENABLE_STRICT_OBJC_MSGSEND = YES;
				ENABLE_TESTABILITY = YES;
				GCC_C_LANGUAGE_STANDARD = gnu11;
				GCC_DYNAMIC_NO_PIC = NO;
				GCC_NO_COMMON_BLOCKS = YES;
				GCC_OPTIMIZATION_LEVEL = 0;
				GCC_PREPROCESSOR_DEFINITIONS = (
					"DEBUG=1",
					"$(inherited)",
				);
				GCC_WARN_64_TO_32_BIT_CONVERSION = YES;
				GCC_WARN_ABOUT_RETURN_TYPE = YES_ERROR;
				GCC_WARN_UNDECLARED_SELECTOR = YES;
				GCC_WARN_UNINITIALIZED_AUTOS = YES_AGGRESSIVE;
				GCC_WARN_UNUSED_FUNCTION = YES;
				GCC_WARN_UNUSED_VARIABLE = YES;
				IPHONEOS_DEPLOYMENT_TARGET = 15.4;
				MTL_ENABLE_DEBUG_INFO = INCLUDE_SOURCE;
				MTL_FAST_MATH = YES;
				ONLY_ACTIVE_ARCH = YES;
				SDKROOT = iphoneos;
				SWIFT_ACTIVE_COMPILATION_CONDITIONS = DEBUG;
				SWIFT_OPTIMIZATION_LEVEL = "-Onone";
			};
			name = Debug;
		};
		43D9BAF0281FD46400FA1476 /* Release */ = {
			isa = XCBuildConfiguration;
			buildSettings = {
				ALWAYS_SEARCH_USER_PATHS = NO;
				CLANG_ANALYZER_NONNULL = YES;
				CLANG_ANALYZER_NUMBER_OBJECT_CONVERSION = YES_AGGRESSIVE;
				CLANG_CXX_LANGUAGE_STANDARD = "gnu++17";
				CLANG_ENABLE_MODULES = YES;
				CLANG_ENABLE_OBJC_ARC = YES;
				CLANG_ENABLE_OBJC_WEAK = YES;
				CLANG_WARN_BLOCK_CAPTURE_AUTORELEASING = YES;
				CLANG_WARN_BOOL_CONVERSION = YES;
				CLANG_WARN_COMMA = YES;
				CLANG_WARN_CONSTANT_CONVERSION = YES;
				CLANG_WARN_DEPRECATED_OBJC_IMPLEMENTATIONS = YES;
				CLANG_WARN_DIRECT_OBJC_ISA_USAGE = YES_ERROR;
				CLANG_WARN_DOCUMENTATION_COMMENTS = YES;
				CLANG_WARN_EMPTY_BODY = YES;
				CLANG_WARN_ENUM_CONVERSION = YES;
				CLANG_WARN_INFINITE_RECURSION = YES;
				CLANG_WARN_INT_CONVERSION = YES;
				CLANG_WARN_NON_LITERAL_NULL_CONVERSION = YES;
				CLANG_WARN_OBJC_IMPLICIT_RETAIN_SELF = YES;
				CLANG_WARN_OBJC_LITERAL_CONVERSION = YES;
				CLANG_WARN_OBJC_ROOT_CLASS = YES_ERROR;
				CLANG_WARN_QUOTED_INCLUDE_IN_FRAMEWORK_HEADER = YES;
				CLANG_WARN_RANGE_LOOP_ANALYSIS = YES;
				CLANG_WARN_STRICT_PROTOTYPES = YES;
				CLANG_WARN_SUSPICIOUS_MOVE = YES;
				CLANG_WARN_UNGUARDED_AVAILABILITY = YES_AGGRESSIVE;
				CLANG_WARN_UNREACHABLE_CODE = YES;
				CLANG_WARN__DUPLICATE_METHOD_MATCH = YES;
				COPY_PHASE_STRIP = NO;
				DEBUG_INFORMATION_FORMAT = "dwarf-with-dsym";
				ENABLE_NS_ASSERTIONS = NO;
				ENABLE_STRICT_OBJC_MSGSEND = YES;
				GCC_C_LANGUAGE_STANDARD = gnu11;
				GCC_NO_COMMON_BLOCKS = YES;
				GCC_WARN_64_TO_32_BIT_CONVERSION = YES;
				GCC_WARN_ABOUT_RETURN_TYPE = YES_ERROR;
				GCC_WARN_UNDECLARED_SELECTOR = YES;
				GCC_WARN_UNINITIALIZED_AUTOS = YES_AGGRESSIVE;
				GCC_WARN_UNUSED_FUNCTION = YES;
				GCC_WARN_UNUSED_VARIABLE = YES;
				IPHONEOS_DEPLOYMENT_TARGET = 15.4;
				MTL_ENABLE_DEBUG_INFO = NO;
				MTL_FAST_MATH = YES;
				SDKROOT = iphoneos;
				SWIFT_COMPILATION_MODE = wholemodule;
				SWIFT_OPTIMIZATION_LEVEL = "-O";
				VALIDATE_PRODUCT = YES;
			};
			name = Release;
		};
		43D9BAF2281FD46400FA1476 /* Debug */ = {
			isa = XCBuildConfiguration;
			buildSettings = {
				ASSETCATALOG_COMPILER_APPICON_NAME = AppIcon;
				ASSETCATALOG_COMPILER_GLOBAL_ACCENT_COLOR_NAME = AccentColor;
				CODE_SIGN_STYLE = Automatic;
				CURRENT_PROJECT_VERSION = 1;
				DEVELOPMENT_TEAM = QPQ25C8RHP;
				GENERATE_INFOPLIST_FILE = YES;
				INFOPLIST_FILE = MoneySaver/Info.plist;
				INFOPLIST_KEY_UIApplicationSupportsIndirectInputEvents = YES;
				INFOPLIST_KEY_UILaunchStoryboardName = LaunchScreen;
				INFOPLIST_KEY_UISupportedInterfaceOrientations_iPad = "UIInterfaceOrientationPortrait UIInterfaceOrientationPortraitUpsideDown UIInterfaceOrientationLandscapeLeft UIInterfaceOrientationLandscapeRight";
				INFOPLIST_KEY_UISupportedInterfaceOrientations_iPhone = "UIInterfaceOrientationPortrait UIInterfaceOrientationLandscapeLeft UIInterfaceOrientationLandscapeRight";
				LD_RUNPATH_SEARCH_PATHS = (
					"$(inherited)",
					"@executable_path/Frameworks",
				);
				MARKETING_VERSION = 1.0;
				PRODUCT_BUNDLE_IDENTIFIER = com.yun.MoneySaver;
				PRODUCT_NAME = "$(TARGET_NAME)";
				SWIFT_EMIT_LOC_STRINGS = YES;
				SWIFT_VERSION = 5.0;
				TARGETED_DEVICE_FAMILY = "1,2";
			};
			name = Debug;
		};
		43D9BAF3281FD46400FA1476 /* Release */ = {
			isa = XCBuildConfiguration;
			buildSettings = {
				ASSETCATALOG_COMPILER_APPICON_NAME = AppIcon;
				ASSETCATALOG_COMPILER_GLOBAL_ACCENT_COLOR_NAME = AccentColor;
				CODE_SIGN_STYLE = Automatic;
				CURRENT_PROJECT_VERSION = 1;
				DEVELOPMENT_TEAM = QPQ25C8RHP;
				GENERATE_INFOPLIST_FILE = YES;
				INFOPLIST_FILE = MoneySaver/Info.plist;
				INFOPLIST_KEY_UIApplicationSupportsIndirectInputEvents = YES;
				INFOPLIST_KEY_UILaunchStoryboardName = LaunchScreen;
				INFOPLIST_KEY_UISupportedInterfaceOrientations_iPad = "UIInterfaceOrientationPortrait UIInterfaceOrientationPortraitUpsideDown UIInterfaceOrientationLandscapeLeft UIInterfaceOrientationLandscapeRight";
				INFOPLIST_KEY_UISupportedInterfaceOrientations_iPhone = "UIInterfaceOrientationPortrait UIInterfaceOrientationLandscapeLeft UIInterfaceOrientationLandscapeRight";
				LD_RUNPATH_SEARCH_PATHS = (
					"$(inherited)",
					"@executable_path/Frameworks",
				);
				MARKETING_VERSION = 1.0;
				PRODUCT_BUNDLE_IDENTIFIER = com.yun.MoneySaver;
				PRODUCT_NAME = "$(TARGET_NAME)";
				SWIFT_EMIT_LOC_STRINGS = YES;
				SWIFT_VERSION = 5.0;
				TARGETED_DEVICE_FAMILY = "1,2";
			};
			name = Release;
		};
		43D9BAF5281FD46400FA1476 /* Debug */ = {
			isa = XCBuildConfiguration;
			buildSettings = {
				ALWAYS_EMBED_SWIFT_STANDARD_LIBRARIES = YES;
				BUNDLE_LOADER = "$(TEST_HOST)";
				CODE_SIGN_STYLE = Automatic;
				CURRENT_PROJECT_VERSION = 1;
				DEVELOPMENT_TEAM = QPQ25C8RHP;
				GENERATE_INFOPLIST_FILE = YES;
				IPHONEOS_DEPLOYMENT_TARGET = 15.4;
				MARKETING_VERSION = 1.0;
				PRODUCT_BUNDLE_IDENTIFIER = com.yun.MoneySaverTests;
				PRODUCT_NAME = "$(TARGET_NAME)";
				SWIFT_EMIT_LOC_STRINGS = NO;
				SWIFT_VERSION = 5.0;
				TARGETED_DEVICE_FAMILY = "1,2";
				TEST_HOST = "$(BUILT_PRODUCTS_DIR)/MoneySaver.app/MoneySaver";
			};
			name = Debug;
		};
		43D9BAF6281FD46400FA1476 /* Release */ = {
			isa = XCBuildConfiguration;
			buildSettings = {
				ALWAYS_EMBED_SWIFT_STANDARD_LIBRARIES = YES;
				BUNDLE_LOADER = "$(TEST_HOST)";
				CODE_SIGN_STYLE = Automatic;
				CURRENT_PROJECT_VERSION = 1;
				DEVELOPMENT_TEAM = QPQ25C8RHP;
				GENERATE_INFOPLIST_FILE = YES;
				IPHONEOS_DEPLOYMENT_TARGET = 15.4;
				MARKETING_VERSION = 1.0;
				PRODUCT_BUNDLE_IDENTIFIER = com.yun.MoneySaverTests;
				PRODUCT_NAME = "$(TARGET_NAME)";
				SWIFT_EMIT_LOC_STRINGS = NO;
				SWIFT_VERSION = 5.0;
				TARGETED_DEVICE_FAMILY = "1,2";
				TEST_HOST = "$(BUILT_PRODUCTS_DIR)/MoneySaver.app/MoneySaver";
			};
			name = Release;
		};
		43D9BAF8281FD46400FA1476 /* Debug */ = {
			isa = XCBuildConfiguration;
			buildSettings = {
				ALWAYS_EMBED_SWIFT_STANDARD_LIBRARIES = YES;
				CODE_SIGN_STYLE = Automatic;
				CURRENT_PROJECT_VERSION = 1;
				DEVELOPMENT_TEAM = QPQ25C8RHP;
				GENERATE_INFOPLIST_FILE = YES;
				MARKETING_VERSION = 1.0;
				PRODUCT_BUNDLE_IDENTIFIER = com.yun.MoneySaverUITests;
				PRODUCT_NAME = "$(TARGET_NAME)";
				SWIFT_EMIT_LOC_STRINGS = NO;
				SWIFT_VERSION = 5.0;
				TARGETED_DEVICE_FAMILY = "1,2";
				TEST_TARGET_NAME = MoneySaver;
			};
			name = Debug;
		};
		43D9BAF9281FD46400FA1476 /* Release */ = {
			isa = XCBuildConfiguration;
			buildSettings = {
				ALWAYS_EMBED_SWIFT_STANDARD_LIBRARIES = YES;
				CODE_SIGN_STYLE = Automatic;
				CURRENT_PROJECT_VERSION = 1;
				DEVELOPMENT_TEAM = QPQ25C8RHP;
				GENERATE_INFOPLIST_FILE = YES;
				MARKETING_VERSION = 1.0;
				PRODUCT_BUNDLE_IDENTIFIER = com.yun.MoneySaverUITests;
				PRODUCT_NAME = "$(TARGET_NAME)";
				SWIFT_EMIT_LOC_STRINGS = NO;
				SWIFT_VERSION = 5.0;
				TARGETED_DEVICE_FAMILY = "1,2";
				TEST_TARGET_NAME = MoneySaver;
			};
			name = Release;
		};
/* End XCBuildConfiguration section */

/* Begin XCConfigurationList section */
		43D9BABF281FD46200FA1476 /* Build configuration list for PBXProject "MoneySaver" */ = {
			isa = XCConfigurationList;
			buildConfigurations = (
				43D9BAEF281FD46400FA1476 /* Debug */,
				43D9BAF0281FD46400FA1476 /* Release */,
			);
			defaultConfigurationIsVisible = 0;
			defaultConfigurationName = Release;
		};
		43D9BAF1281FD46400FA1476 /* Build configuration list for PBXNativeTarget "MoneySaver" */ = {
			isa = XCConfigurationList;
			buildConfigurations = (
				43D9BAF2281FD46400FA1476 /* Debug */,
				43D9BAF3281FD46400FA1476 /* Release */,
			);
			defaultConfigurationIsVisible = 0;
			defaultConfigurationName = Release;
		};
		43D9BAF4281FD46400FA1476 /* Build configuration list for PBXNativeTarget "MoneySaverTests" */ = {
			isa = XCConfigurationList;
			buildConfigurations = (
				43D9BAF5281FD46400FA1476 /* Debug */,
				43D9BAF6281FD46400FA1476 /* Release */,
			);
			defaultConfigurationIsVisible = 0;
			defaultConfigurationName = Release;
		};
		43D9BAF7281FD46400FA1476 /* Build configuration list for PBXNativeTarget "MoneySaverUITests" */ = {
			isa = XCConfigurationList;
			buildConfigurations = (
				43D9BAF8281FD46400FA1476 /* Debug */,
				43D9BAF9281FD46400FA1476 /* Release */,
			);
			defaultConfigurationIsVisible = 0;
			defaultConfigurationName = Release;
		};
/* End XCConfigurationList section */

/* Begin XCRemoteSwiftPackageReference section */
		43D9BAFA281FD54200FA1476 /* XCRemoteSwiftPackageReference "Charts" */ = {
			isa = XCRemoteSwiftPackageReference;
			repositoryURL = "https://github.com/danielgindi/Charts";
			requirement = {
				kind = upToNextMajorVersion;
				minimumVersion = 3.0.0;
			};
		};
/* End XCRemoteSwiftPackageReference section */

/* Begin XCSwiftPackageProductDependency section */
		43D9BAFB281FD54200FA1476 /* Charts */ = {
			isa = XCSwiftPackageProductDependency;
			package = 43D9BAFA281FD54200FA1476 /* XCRemoteSwiftPackageReference "Charts" */;
			productName = Charts;
		};
/* End XCSwiftPackageProductDependency section */

/* Begin XCVersionGroup section */
		43D9BAD0281FD46200FA1476 /* MoneySaver.xcdatamodeld */ = {
			isa = XCVersionGroup;
			children = (
				43D9BAD1281FD46200FA1476 /* MoneySaver.xcdatamodel */,
			);
			currentVersion = 43D9BAD1281FD46200FA1476 /* MoneySaver.xcdatamodel */;
			path = MoneySaver.xcdatamodeld;
			sourceTree = "<group>";
			versionGroupType = wrapper.xcdatamodel;
		};
/* End XCVersionGroup section */
	};
	rootObject = 43D9BABC281FD46200FA1476 /* Project object */;
}
